
Microsoft Visual Studio Solution File, Format Version 12.00
# Visual Studio 15
VisualStudioVersion = 15.0.28307.271
MinimumVisualStudioVersion = 10.0.40219.1
Project("{FAE04EC0-301F-11D3-BF4B-00C04F79EFBC}") = "SportsStore.WebUI", "SportsStore.WebUI\SportsStore.WebUI.csproj", "{34397E35-B257-4D45-849D-A783B8385AF0}"
EndProject
Project("{FAE04EC0-301F-11D3-BF4B-00C04F79EFBC}") = "SportsStore.Domain", "SportsStore.Domain\SportsStore.Domain.csproj", "{D836655F-A311-4B58-98C5-E1136552E72F}"
EndProject
Project("{FAE04EC0-301F-11D3-BF4B-00C04F79EFBC}") = "SportsStore.UnitTests", "SportsStore.UnitTests\SportsStore.UnitTests.csproj", "{140531A3-44CB-493C-A615-2AEC88E74037}"
EndProject
Global
	GlobalSection(SolutionConfigurationPlatforms) = preSolution
		Debug|Any CPU = Debug|Any CPU
		Release|Any CPU = Release|Any CPU
	EndGlobalSection
	GlobalSection(ProjectConfigurationPlatforms) = postSolution
		{34397E35-B257-4D45-849D-A783B8385AF0}.Debug|Any CPU.ActiveCfg = Debug|Any CPU
		{34397E35-B257-4D45-849D-A783B8385AF0}.Debug|Any CPU.Build.0 = Debug|Any CPU
		{34397E35-B257-4D45-849D-A783B8385AF0}.Release|Any CPU.ActiveCfg = Release|Any CPU
		{34397E35-B257-4D45-849D-A783B8385AF0}.Release|Any CPU.Build.0 = Release|Any CPU
		{D836655F-A311-4B58-98C5-E1136552E72F}.Debug|Any CPU.ActiveCfg = Debug|Any CPU
		{D836655F-A311-4B58-98C5-E1136552E72F}.Debug|Any CPU.Build.0 = Debug|Any CPU
		{D836655F-A311-4B58-98C5-E1136552E72F}.Release|Any CPU.ActiveCfg = Release|Any CPU
		{D836655F-A311-4B58-98C5-E1136552E72F}.Release|Any CPU.Build.0 = Release|Any CPU
		{140531A3-44CB-493C-A615-2AEC88E74037}.Debug|Any CPU.ActiveCfg = Debug|Any CPU
		{140531A3-44CB-493C-A615-2AEC88E74037}.Debug|Any CPU.Build.0 = Debug|Any CPU
		{140531A3-44CB-493C-A615-2AEC88E74037}.Release|Any CPU.ActiveCfg = Release|Any CPU
		{140531A3-44CB-493C-A615-2AEC88E74037}.Release|Any CPU.Build.0 = Release|Any CPU
	EndGlobalSection
	GlobalSection(SolutionProperties) = preSolution
		HideSolutionNode = FALSE
	EndGlobalSection
	GlobalSection(ExtensibilityGlobals) = postSolution
		SolutionGuid = {C69580FC-2BF0-41F7-826A-FFE052ACBB78}
	EndGlobalSection
EndGlobal
